
Microsoft Visual Studio Solution File, Format Version 12.00
# Visual Studio Version 16
VisualStudioVersion = 16.0.32413.511
MinimumVisualStudioVersion = 10.0.40219.1
Project("{FAE04EC0-301F-11D3-BF4B-00C04F79EFBC}") = "Walls and Gates", "Walls and Gates\Walls and Gates.csproj", "{513852C0-B6DE-4904-9E07-50D07C0AB78A}"
EndProject
Global
	GlobalSection(SolutionConfigurationPlatforms) = preSolution
		Debug|Any CPU = Debug|Any CPU
		Release|Any CPU = Release|Any CPU
	EndGlobalSection
	GlobalSection(ProjectConfigurationPlatforms) = postSolution
		{513852C0-B6DE-4904-9E07-50D07C0AB78A}.Debug|Any CPU.ActiveCfg = Debug|Any CPU
		{513852C0-B6DE-4904-9E07-50D07C0AB78A}.Debug|Any CPU.Build.0 = Debug|Any CPU
		{513852C0-B6DE-4904-9E07-50D07C0AB78A}.Release|Any CPU.ActiveCfg = Release|Any CPU
		{513852C0-B6DE-4904-9E07-50D07C0AB78A}.Release|Any CPU.Build.0 = Release|Any CPU
	EndGlobalSection
	GlobalSection(SolutionProperties) = preSolution
		HideSolutionNode = FALSE
	EndGlobalSection
	GlobalSection(ExtensibilityGlobals) = postSolution
		SolutionGuid = {F3F2B3AB-6ED2-4AC4-98E1-12F9F38B9B6A}
	EndGlobalSection
EndGlobal
